
Microsoft Visual Studio Solution File, Format Version 12.00
# Visual Studio Version 17
VisualStudioVersion = 17.5.33627.172
MinimumVisualStudioVersion = 10.0.40219.1
Project("{8BC9CEB8-8B4A-11D0-8D11-00A0C91BC942}") = "logger", "logger\logger.vcxproj", "{C892045F-4746-45A2-80F6-335BFDA16DFC}"
EndProject
Project("{8BC9CEB8-8B4A-11D0-8D11-00A0C91BC942}") = "linked_list_exe", "linked_list_exe\linked_list_exe.vcxproj", "{B2931AFD-8E14-4E36-9552-FB98B04D9BD3}"
	ProjectSection(ProjectDependencies) = postProject
		{B85C3B80-0ECC-4E88-980F-944ACFDBF2F9} = {B85C3B80-0ECC-4E88-980F-944ACFDBF2F9}
		{C892045F-4746-45A2-80F6-335BFDA16DFC} = {C892045F-4746-45A2-80F6-335BFDA16DFC}
		{D589B6C6-5E9B-4F19-AE69-0E7175884315} = {D589B6C6-5E9B-4F19-AE69-0E7175884315}
	EndProjectSection
EndProject
Project("{8BC9CEB8-8B4A-11D0-8D11-00A0C91BC942}") = "trace_func_lib", "trace_func_lib\trace_func_lib.vcxproj", "{D589B6C6-5E9B-4F19-AE69-0E7175884315}"
EndProject
Project("{8BC9CEB8-8B4A-11D0-8D11-00A0C91BC942}") = "profiler", "profiler\profiler.vcxproj", "{B85C3B80-0ECC-4E88-980F-944ACFDBF2F9}"
EndProject
Project("{8BC9CEB8-8B4A-11D0-8D11-00A0C91BC942}") = "table.exe", "table.exe\table.exe.vcxproj", "{D9CD6472-9078-47D2-AA60-400A1DFF0508}"
	ProjectSection(ProjectDependencies) = postProject
		{D603B126-6472-4494-9BE0-0B604F9B28C0} = {D603B126-6472-4494-9BE0-0B604F9B28C0}
	EndProjectSection
EndProject
Project("{8BC9CEB8-8B4A-11D0-8D11-00A0C91BC942}") = "table", "table\table.vcxproj", "{D603B126-6472-4494-9BE0-0B604F9B28C0}"
EndProject
Project("{8BC9CEB8-8B4A-11D0-8D11-00A0C91BC942}") = "allocator_lib", "allocator_lib\allocator_lib.vcxproj", "{EA00075B-947C-4B98-B2DD-48A5E1577D68}"
	ProjectSection(ProjectDependencies) = postProject
		{B85C3B80-0ECC-4E88-980F-944ACFDBF2F9} = {B85C3B80-0ECC-4E88-980F-944ACFDBF2F9}
	EndProjectSection
EndProject
Project("{8BC9CEB8-8B4A-11D0-8D11-00A0C91BC942}") = "allocator_exe", "allocator_exe\allocator_exe.vcxproj", "{6055CD07-22ED-4E9A-8F4E-BE54F59170AA}"
	ProjectSection(ProjectDependencies) = postProject
		{EA00075B-947C-4B98-B2DD-48A5E1577D68} = {EA00075B-947C-4B98-B2DD-48A5E1577D68}
	EndProjectSection
EndProject
Project("{8BC9CEB8-8B4A-11D0-8D11-00A0C91BC942}") = "memory_manager", "memory_manager\memory_manager.vcxproj", "{9F2052C8-0E8E-4049-A0BF-46FEB3D97520}"
EndProject
Project("{8BC9CEB8-8B4A-11D0-8D11-00A0C91BC942}") = "memory_manager_exe", "memory_manager_exe\memory_manager_exe.vcxproj", "{FCAEF3AD-BAD0-40A8-A5F2-1933EDD4C6BE}"
	ProjectSection(ProjectDependencies) = postProject
		{9F2052C8-0E8E-4049-A0BF-46FEB3D97520} = {9F2052C8-0E8E-4049-A0BF-46FEB3D97520}
		{B85C3B80-0ECC-4E88-980F-944ACFDBF2F9} = {B85C3B80-0ECC-4E88-980F-944ACFDBF2F9}
	EndProjectSection
EndProject
Project("{8BC9CEB8-8B4A-11D0-8D11-00A0C91BC942}") = "shared_ptr", "shared_ptr\shared_ptr.vcxproj", "{DAD96CE6-24FC-4620-AE52-2969149EF24E}"
EndProject
Project("{8BC9CEB8-8B4A-11D0-8D11-00A0C91BC942}") = "shared_ptr_exe", "shared_ptr_exe\shared_ptr_exe.vcxproj", "{F7D9D593-147C-43F2-B8A6-D48F6E66796F}"
	ProjectSection(ProjectDependencies) = postProject
		{DAD96CE6-24FC-4620-AE52-2969149EF24E} = {DAD96CE6-24FC-4620-AE52-2969149EF24E}
	EndProjectSection
EndProject
Project("{8BC9CEB8-8B4A-11D0-8D11-00A0C91BC942}") = "auto_ptr_exe", "auto_ptr_exe\auto_ptr_exe.vcxproj", "{09EEA2DA-D71C-43D8-AC45-E9A273699E5D}"
EndProject
Project("{8BC9CEB8-8B4A-11D0-8D11-00A0C91BC942}") = "auto_ptr", "auto_ptr\auto_ptr.vcxproj", "{E6B14C66-7C9E-4E1D-A00E-1331A6D3A675}"
EndProject
Project("{8BC9CEB8-8B4A-11D0-8D11-00A0C91BC942}") = "inventory_management", "inventory_management\inventory_management.vcxproj", "{3BBD6A7C-0A58-4468-BDDE-FFE766B004EC}"
EndProject
Project("{8BC9CEB8-8B4A-11D0-8D11-00A0C91BC942}") = "inventory_management_exe", "inventory_management_exe\inventory_management_exe.vcxproj", "{0C1F3540-AB2B-44C8-AFCE-3763E6B4866A}"
	ProjectSection(ProjectDependencies) = postProject
		{3BBD6A7C-0A58-4468-BDDE-FFE766B004EC} = {3BBD6A7C-0A58-4468-BDDE-FFE766B004EC}
	EndProjectSection
EndProject
Project("{8BC9CEB8-8B4A-11D0-8D11-00A0C91BC942}") = "self_balancing_bst", "self_balancing_bst\self_balancing_bst.vcxproj", "{86BFCBA9-9C89-4B68-B52E-611DFE5BF97A}"
EndProject
Project("{8BC9CEB8-8B4A-11D0-8D11-00A0C91BC942}") = "self_balancing_bst_exe", "self_balancing_bst_exe\self_balancing_bst_exe.vcxproj", "{71CD5DE5-C570-43DC-8112-D7F030B0FBB0}"
	ProjectSection(ProjectDependencies) = postProject
		{86BFCBA9-9C89-4B68-B52E-611DFE5BF97A} = {86BFCBA9-9C89-4B68-B52E-611DFE5BF97A}
	EndProjectSection
EndProject
Global
	GlobalSection(SolutionConfigurationPlatforms) = preSolution
		Debug|x64 = Debug|x64
		Release|x64 = Release|x64
	EndGlobalSection
	GlobalSection(ProjectConfigurationPlatforms) = postSolution
		{C892045F-4746-45A2-80F6-335BFDA16DFC}.Debug|x64.ActiveCfg = Debug|x64
		{C892045F-4746-45A2-80F6-335BFDA16DFC}.Debug|x64.Build.0 = Debug|x64
		{C892045F-4746-45A2-80F6-335BFDA16DFC}.Release|x64.ActiveCfg = Release|x64
		{C892045F-4746-45A2-80F6-335BFDA16DFC}.Release|x64.Build.0 = Release|x64
		{B2931AFD-8E14-4E36-9552-FB98B04D9BD3}.Debug|x64.ActiveCfg = Debug|x64
		{B2931AFD-8E14-4E36-9552-FB98B04D9BD3}.Debug|x64.Build.0 = Debug|x64
		{B2931AFD-8E14-4E36-9552-FB98B04D9BD3}.Release|x64.ActiveCfg = Release|x64
		{B2931AFD-8E14-4E36-9552-FB98B04D9BD3}.Release|x64.Build.0 = Release|x64
		{D589B6C6-5E9B-4F19-AE69-0E7175884315}.Debug|x64.ActiveCfg = Debug|x64
		{D589B6C6-5E9B-4F19-AE69-0E7175884315}.Debug|x64.Build.0 = Debug|x64
		{D589B6C6-5E9B-4F19-AE69-0E7175884315}.Release|x64.ActiveCfg = Release|x64
		{D589B6C6-5E9B-4F19-AE69-0E7175884315}.Release|x64.Build.0 = Release|x64
		{B85C3B80-0ECC-4E88-980F-944ACFDBF2F9}.Debug|x64.ActiveCfg = Debug|x64
		{B85C3B80-0ECC-4E88-980F-944ACFDBF2F9}.Debug|x64.Build.0 = Debug|x64
		{B85C3B80-0ECC-4E88-980F-944ACFDBF2F9}.Release|x64.ActiveCfg = Release|x64
		{B85C3B80-0ECC-4E88-980F-944ACFDBF2F9}.Release|x64.Build.0 = Release|x64
		{D9CD6472-9078-47D2-AA60-400A1DFF0508}.Debug|x64.ActiveCfg = Debug|x64
		{D9CD6472-9078-47D2-AA60-400A1DFF0508}.Debug|x64.Build.0 = Debug|x64
		{D9CD6472-9078-47D2-AA60-400A1DFF0508}.Release|x64.ActiveCfg = Release|x64
		{D9CD6472-9078-47D2-AA60-400A1DFF0508}.Release|x64.Build.0 = Release|x64
		{D603B126-6472-4494-9BE0-0B604F9B28C0}.Debug|x64.ActiveCfg = Debug|x64
		{D603B126-6472-4494-9BE0-0B604F9B28C0}.Debug|x64.Build.0 = Debug|x64
		{D603B126-6472-4494-9BE0-0B604F9B28C0}.Release|x64.ActiveCfg = Release|x64
		{D603B126-6472-4494-9BE0-0B604F9B28C0}.Release|x64.Build.0 = Release|x64
		{EA00075B-947C-4B98-B2DD-48A5E1577D68}.Debug|x64.ActiveCfg = Debug|x64
		{EA00075B-947C-4B98-B2DD-48A5E1577D68}.Debug|x64.Build.0 = Debug|x64
		{EA00075B-947C-4B98-B2DD-48A5E1577D68}.Release|x64.ActiveCfg = Release|x64
		{EA00075B-947C-4B98-B2DD-48A5E1577D68}.Release|x64.Build.0 = Release|x64
		{6055CD07-22ED-4E9A-8F4E-BE54F59170AA}.Debug|x64.ActiveCfg = Debug|x64
		{6055CD07-22ED-4E9A-8F4E-BE54F59170AA}.Debug|x64.Build.0 = Debug|x64
		{6055CD07-22ED-4E9A-8F4E-BE54F59170AA}.Release|x64.ActiveCfg = Release|x64
		{6055CD07-22ED-4E9A-8F4E-BE54F59170AA}.Release|x64.Build.0 = Release|x64
		{9F2052C8-0E8E-4049-A0BF-46FEB3D97520}.Debug|x64.ActiveCfg = Debug|x64
		{9F2052C8-0E8E-4049-A0BF-46FEB3D97520}.Debug|x64.Build.0 = Debug|x64
		{9F2052C8-0E8E-4049-A0BF-46FEB3D97520}.Release|x64.ActiveCfg = Release|x64
		{9F2052C8-0E8E-4049-A0BF-46FEB3D97520}.Release|x64.Build.0 = Release|x64
		{FCAEF3AD-BAD0-40A8-A5F2-1933EDD4C6BE}.Debug|x64.ActiveCfg = Debug|x64
		{FCAEF3AD-BAD0-40A8-A5F2-1933EDD4C6BE}.Debug|x64.Build.0 = Debug|x64
		{FCAEF3AD-BAD0-40A8-A5F2-1933EDD4C6BE}.Release|x64.ActiveCfg = Release|x64
		{FCAEF3AD-BAD0-40A8-A5F2-1933EDD4C6BE}.Release|x64.Build.0 = Release|x64
		{DAD96CE6-24FC-4620-AE52-2969149EF24E}.Debug|x64.ActiveCfg = Debug|x64
		{DAD96CE6-24FC-4620-AE52-2969149EF24E}.Debug|x64.Build.0 = Debug|x64
		{DAD96CE6-24FC-4620-AE52-2969149EF24E}.Release|x64.ActiveCfg = Release|x64
		{DAD96CE6-24FC-4620-AE52-2969149EF24E}.Release|x64.Build.0 = Release|x64
		{F7D9D593-147C-43F2-B8A6-D48F6E66796F}.Debug|x64.ActiveCfg = Debug|x64
		{F7D9D593-147C-43F2-B8A6-D48F6E66796F}.Debug|x64.Build.0 = Debug|x64
		{F7D9D593-147C-43F2-B8A6-D48F6E66796F}.Release|x64.ActiveCfg = Release|x64
		{F7D9D593-147C-43F2-B8A6-D48F6E66796F}.Release|x64.Build.0 = Release|x64
		{09EEA2DA-D71C-43D8-AC45-E9A273699E5D}.Debug|x64.ActiveCfg = Debug|x64
		{09EEA2DA-D71C-43D8-AC45-E9A273699E5D}.Debug|x64.Build.0 = Debug|x64
		{09EEA2DA-D71C-43D8-AC45-E9A273699E5D}.Release|x64.ActiveCfg = Release|x64
		{09EEA2DA-D71C-43D8-AC45-E9A273699E5D}.Release|x64.Build.0 = Release|x64
		{E6B14C66-7C9E-4E1D-A00E-1331A6D3A675}.Debug|x64.ActiveCfg = Debug|x64
		{E6B14C66-7C9E-4E1D-A00E-1331A6D3A675}.Debug|x64.Build.0 = Debug|x64
		{E6B14C66-7C9E-4E1D-A00E-1331A6D3A675}.Release|x64.ActiveCfg = Release|x64
		{E6B14C66-7C9E-4E1D-A00E-1331A6D3A675}.Release|x64.Build.0 = Release|x64
		{3BBD6A7C-0A58-4468-BDDE-FFE766B004EC}.Debug|x64.ActiveCfg = Debug|x64
		{3BBD6A7C-0A58-4468-BDDE-FFE766B004EC}.Debug|x64.Build.0 = Debug|x64
		{3BBD6A7C-0A58-4468-BDDE-FFE766B004EC}.Release|x64.ActiveCfg = Release|x64
		{3BBD6A7C-0A58-4468-BDDE-FFE766B004EC}.Release|x64.Build.0 = Release|x64
		{0C1F3540-AB2B-44C8-AFCE-3763E6B4866A}.Debug|x64.ActiveCfg = Debug|x64
		{0C1F3540-AB2B-44C8-AFCE-3763E6B4866A}.Debug|x64.Build.0 = Debug|x64
		{0C1F3540-AB2B-44C8-AFCE-3763E6B4866A}.Release|x64.ActiveCfg = Release|x64
		{0C1F3540-AB2B-44C8-AFCE-3763E6B4866A}.Release|x64.Build.0 = Release|x64
		{86BFCBA9-9C89-4B68-B52E-611DFE5BF97A}.Debug|x64.ActiveCfg = Debug|x64
		{86BFCBA9-9C89-4B68-B52E-611DFE5BF97A}.Debug|x64.Build.0 = Debug|x64
		{86BFCBA9-9C89-4B68-B52E-611DFE5BF97A}.Release|x64.ActiveCfg = Release|x64
		{86BFCBA9-9C89-4B68-B52E-611DFE5BF97A}.Release|x64.Build.0 = Release|x64
		{71CD5DE5-C570-43DC-8112-D7F030B0FBB0}.Debug|x64.ActiveCfg = Debug|x64
		{71CD5DE5-C570-43DC-8112-D7F030B0FBB0}.Debug|x64.Build.0 = Debug|x64
		{71CD5DE5-C570-43DC-8112-D7F030B0FBB0}.Release|x64.ActiveCfg = Release|x64
		{71CD5DE5-C570-43DC-8112-D7F030B0FBB0}.Release|x64.Build.0 = Release|x64
	EndGlobalSection
	GlobalSection(SolutionProperties) = preSolution
		HideSolutionNode = FALSE
	EndGlobalSection
	GlobalSection(ExtensibilityGlobals) = postSolution
		SolutionGuid = {336A87B1-13C7-4857-BF56-464FA869C528}
	EndGlobalSection
EndGlobal
